{
  "nodes": {
    "flake-utils": {
      "locked": {
        "lastModified": 1676283394,
        "narHash": "sha256-XX2f9c3iySLCw54rJ/CZs+ZK6IQy7GXNY4nSOyu2QG4=",
        "owner": "numtide",
        "repo": "flake-utils",
        "rev": "3db36a8b464d0c4532ba1c7dda728f4576d6d073",
        "type": "github"
      },
      "original": {
        "id": "flake-utils",
        "type": "indirect"
      }
    },
    "flake-utils_2": {
      "locked": {
        "lastModified": 1667395993,
        "narHash": "sha256-nuEHfE/LcWyuSWnS8t12N1wc105Qtau+/OdUAjtQ0rA=",
        "owner": "numtide",
        "repo": "flake-utils",
        "rev": "5aed5285a952e0b949eb3ba02c12fa4fcfef535f",
        "type": "github"
      },
      "original": {
        "id": "flake-utils",
        "type": "indirect"
      }
    },
    "nixpkgs": {
      "locked": {
        "lastModified": 1677814560,
        "narHash": "sha256-rC845+6OeGQRhylAcFZFCDMLB+UZoN4ac64CcdaI20s=",
        "owner": "NixOS",
        "repo": "nixpkgs",
        "rev": "d2110a3267e365eabbfb6da1e81b4a3b6781d895",
        "type": "github"
      },
      "original": {
        "owner": "NixOS",
        "ref": "master",
        "repo": "nixpkgs",
        "type": "github"
      }
    },
    "nixpkgs_2": {
      "locked": {
        "lastModified": 1668863325,
        "narHash": "sha256-vIPNMjIkGoSKX1UYTnwr67FLEuTCBDWLPi0j0s44MiE=",
        "owner": "NixOS",
        "repo": "nixpkgs",
        "rev": "476988ab1096e4d0cd95755df47b65c468b05864",
        "type": "github"
      },
      "original": {
        "owner": "NixOS",
        "ref": "master",
        "repo": "nixpkgs",
        "type": "github"
      }
    },
    "node-overlay": {
      "inputs": {
        "flake-utils": "flake-utils_2",
        "nixpkgs": "nixpkgs_2",
        "node2nix": "node2nix"
      },
      "locked": {
        "lastModified": 1668863982,
        "narHash": "sha256-RJza192SS5BzazFGR7SPgNthw6vf15LNQGyAxAvXjP0=",
        "owner": "akirak",
        "repo": "node-packages-overlay",
        "rev": "e1f76c1093c4eec2484bfdda6ca1a17cd9c88fbd",
        "type": "github"
      },
      "original": {
        "owner": "akirak",
        "repo": "node-packages-overlay",
        "type": "github"
      }
    },
    "node2nix": {
      "flake": false,
      "locked": {
        "lastModified": 1664397553,
        "narHash": "sha256-361KP3ys806YgwVIeXw6CrQmdV2ldJ3u95rcZUbI5vY=",
        "owner": "svanderburg",
        "repo": "node2nix",
        "rev": "a6041f67b8d4a300c6f8d097289fe5addbc5edf8",
        "type": "github"
      },
      "original": {
        "owner": "svanderburg",
        "repo": "node2nix",
        "type": "github"
      }
    },
    "root": {
      "inputs": {
        "flake-utils": "flake-utils",
        "nixpkgs": "nixpkgs",
        "node-overlay": "node-overlay"
      }
    }
  },
  "root": "root",
  "version": 7
}
