{
  "nodes": {
    "flake-utils": {
      "locked": {
        "lastModified": 1659877975,
        "narHash": "sha256-zllb8aq3YO3h8B/U0/J1WBgAL8EX5yWf5pMj3G0NAmc=",
        "owner": "numtide",
        "repo": "flake-utils",
        "rev": "c0e246b9b83f637f4681389ecabcb2681b4f3af0",
        "type": "github"
      },
      "original": {
        "id": "flake-utils",
        "type": "indirect"
      }
    },
    "flake-utils_2": {
      "locked": {
        "lastModified": 1653893745,
        "narHash": "sha256-0jntwV3Z8//YwuOjzhV2sgJJPt+HY6KhU7VZUL0fKZQ=",
        "owner": "numtide",
        "repo": "flake-utils",
        "rev": "1ed9fb1935d260de5fe1c2f7ee0ebaae17ed2fa1",
        "type": "github"
      },
      "original": {
        "id": "flake-utils",
        "type": "indirect"
      }
    },
    "nixpkgs": {
      "locked": {
        "lastModified": 1665975177,
        "narHash": "sha256-PypbdMOB9l5Uks1phl2reKY+klMabz8fepj7bWrupZE=",
        "owner": "NixOS",
        "repo": "nixpkgs",
        "rev": "ab6176ac5b0ee4f18e9cb380a41a6e1816c7bc89",
        "type": "github"
      },
      "original": {
        "owner": "NixOS",
        "ref": "master",
        "repo": "nixpkgs",
        "type": "github"
      }
    },
    "nixpkgs_2": {
      "locked": {
        "lastModified": 1658083864,
        "narHash": "sha256-+qzkN9pbPFkXkU8BiDOf4moP1gXV7Tout+XymSUFjcM=",
        "owner": "NixOS",
        "repo": "nixpkgs",
        "rev": "6176097aff3883e9cc4754cf82b6e6ff18019080",
        "type": "github"
      },
      "original": {
        "owner": "NixOS",
        "ref": "master",
        "repo": "nixpkgs",
        "type": "github"
      }
    },
    "node-overlay": {
      "inputs": {
        "flake-utils": "flake-utils_2",
        "nixpkgs": "nixpkgs_2",
        "node2nix": "node2nix"
      },
      "locked": {
        "lastModified": 1660365587,
        "narHash": "sha256-EbOVTDv4XdQYCDaCvW4bAZoeBcwqcyL19zeyzKxdmIU=",
        "owner": "~akirak",
        "repo": "node-packages-overlay",
        "rev": "57b9cb603dba3fd72ea414975e3afdaeaa6624ed",
        "type": "sourcehut"
      },
      "original": {
        "owner": "~akirak",
        "repo": "node-packages-overlay",
        "type": "sourcehut"
      }
    },
    "node2nix": {
      "flake": false,
      "locked": {
        "lastModified": 1658342848,
        "narHash": "sha256-zO/xGG10v7HGv58RLX5SFd7QOXAL2vRxCRM8IfRZ8JA=",
        "owner": "svanderburg",
        "repo": "node2nix",
        "rev": "026360084db8a27095aafdac7125d7f1a93046c8",
        "type": "github"
      },
      "original": {
        "owner": "svanderburg",
        "repo": "node2nix",
        "type": "github"
      }
    },
    "root": {
      "inputs": {
        "flake-utils": "flake-utils",
        "nixpkgs": "nixpkgs",
        "node-overlay": "node-overlay"
      }
    }
  },
  "root": "root",
  "version": 7
}
